// !$*UTF8*$!
{
	archiveVersion = 1;
	classes = {
	};
	objectVersion = 77;
	objects = {

/* Begin PBXBuildFile section */
		CB7E56B02DBDB8AD0048553A /* Svauna Watch App.app in Embed Watch Content */ = {isa = PBXBuildFile; fileRef = CB7E56AF2DBDB8AD0048553A /* Svauna Watch App.app */; settings = {ATTRIBUTES = (RemoveHeadersOnCopy, ); }; };
		CB7E571B2DBDBC8D0048553A /* README.md in Resources */ = {isa = PBXBuildFile; fileRef = CB7E571A2DBDBC880048553A /* README.md */; };
/* End PBXBuildFile section */

/* Begin PBXContainerItemProxy section */
		CB7E569A2DBDB8AC0048553A /* PBXContainerItemProxy */ = {
			isa = PBXContainerItemProxy;
			containerPortal = CB7E56812DBDB8A90048553A /* Project object */;
			proxyType = 1;
			remoteGlobalIDString = CB7E56882DBDB8AA0048553A;
			remoteInfo = Svauna;
		};
		CB7E56A42DBDB8AC0048553A /* PBXContainerItemProxy */ = {
			isa = PBXContainerItemProxy;
			containerPortal = CB7E56812DBDB8A90048553A /* Project object */;
			proxyType = 1;
			remoteGlobalIDString = CB7E56882DBDB8AA0048553A;
			remoteInfo = Svauna;
		};
		CB7E56B12DBDB8AD0048553A /* PBXContainerItemProxy */ = {
			isa = PBXContainerItemProxy;
			containerPortal = CB7E56812DBDB8A90048553A /* Project object */;
			proxyType = 1;
			remoteGlobalIDString = CB7E56AE2DBDB8AD0048553A;
			remoteInfo = "Svauna Watch App";
		};
		CB7E56C22DBDB8AF0048553A /* PBXContainerItemProxy */ = {
			isa = PBXContainerItemProxy;
			containerPortal = CB7E56812DBDB8A90048553A /* Project object */;
			proxyType = 1;
			remoteGlobalIDString = CB7E56AE2DBDB8AD0048553A;
			remoteInfo = "Svauna Watch App";
		};
		CB7E56CC2DBDB8AF0048553A /* PBXContainerItemProxy */ = {
			isa = PBXContainerItemProxy;
			containerPortal = CB7E56812DBDB8A90048553A /* Project object */;
			proxyType = 1;
			remoteGlobalIDString = CB7E56AE2DBDB8AD0048553A;
			remoteInfo = "Svauna Watch App";
		};
/* End PBXContainerItemProxy section */

/* Begin PBXCopyFilesBuildPhase section */
		CB7E56D82DBDB8AF0048553A /* Embed Watch Content */ = {
			isa = PBXCopyFilesBuildPhase;
			buildActionMask = 2147483647;
			dstPath = "$(CONTENTS_FOLDER_PATH)/Watch";
			dstSubfolderSpec = 16;
			files = (
				CB7E56B02DBDB8AD0048553A /* Svauna Watch App.app in Embed Watch Content */,
			);
			name = "Embed Watch Content";
			runOnlyForDeploymentPostprocessing = 0;
		};
/* End PBXCopyFilesBuildPhase section */

/* Begin PBXFileReference section */
		CB7E56892DBDB8AA0048553A /* Svauna.app */ = {isa = PBXFileReference; explicitFileType = wrapper.application; includeInIndex = 0; path = Svauna.app; sourceTree = BUILT_PRODUCTS_DIR; };
		CB7E56992DBDB8AC0048553A /* SvaunaTests.xctest */ = {isa = PBXFileReference; explicitFileType = wrapper.cfbundle; includeInIndex = 0; path = SvaunaTests.xctest; sourceTree = BUILT_PRODUCTS_DIR; };
		CB7E56A32DBDB8AC0048553A /* SvaunaUITests.xctest */ = {isa = PBXFileReference; explicitFileType = wrapper.cfbundle; includeInIndex = 0; path = SvaunaUITests.xctest; sourceTree = BUILT_PRODUCTS_DIR; };
		CB7E56AF2DBDB8AD0048553A /* Svauna Watch App.app */ = {isa = PBXFileReference; explicitFileType = wrapper.application; includeInIndex = 0; path = "Svauna Watch App.app"; sourceTree = BUILT_PRODUCTS_DIR; };
		CB7E56C12DBDB8AF0048553A /* Svauna Watch AppTests.xctest */ = {isa = PBXFileReference; explicitFileType = wrapper.cfbundle; includeInIndex = 0; path = "Svauna Watch AppTests.xctest"; sourceTree = BUILT_PRODUCTS_DIR; };
		CB7E56CB2DBDB8AF0048553A /* Svauna Watch AppUITests.xctest */ = {isa = PBXFileReference; explicitFileType = wrapper.cfbundle; includeInIndex = 0; path = "Svauna Watch AppUITests.xctest"; sourceTree = BUILT_PRODUCTS_DIR; };
		CB7E571A2DBDBC880048553A /* README.md */ = {isa = PBXFileReference; lastKnownFileType = net.daringfireball.markdown; path = README.md; sourceTree = "<group>"; };
/* End PBXFileReference section */

/* Begin PBXFileSystemSynchronizedBuildFileExceptionSet section */
		CB0EFAC82DC0A00D00343150 /* Exceptions for "Svauna Watch App" folder in "Svauna" target */ = {
			isa = PBXFileSystemSynchronizedBuildFileExceptionSet;
			membershipExceptions = (
				Models/BloodOxygenDataPoint.swift,
				Models/CaloriesDataPoint.swift,
				Models/Getters/Timestamped.swift,
				Models/HeartRateDataPoint.swift,
				Models/Session.swift,
				Models/SessionSegment.swift,
				Models/SessionState.swift,
				Models/SessionType.swift,
				Theme/ColorPallete.swift,
			);
			target = CB7E56882DBDB8AA0048553A /* Svauna */;
		};
		CB60549E2DC32B6000273E8F /* Exceptions for "Svauna" folder in "Svauna Watch App" target */ = {
			isa = PBXFileSystemSynchronizedBuildFileExceptionSet;
			membershipExceptions = (
				"Models/CDSession+CoreDataClass.swift",
				"Models/CDSession+CoreDataProperties.swift",
				Services/Persistence/SessionPersistenceService.swift,
				SvaunaModel.xcdatamodeld,
				Views/AnimatedViews/AnimatedGradientBackground.swift,
			);
			target = CB7E56AE2DBDB8AD0048553A /* Svauna Watch App */;
		};
/* End PBXFileSystemSynchronizedBuildFileExceptionSet section */

/* Begin PBXFileSystemSynchronizedRootGroup section */
		CB7E568B2DBDB8AA0048553A /* Svauna */ = {
			isa = PBXFileSystemSynchronizedRootGroup;
			exceptions = (
				CB60549E2DC32B6000273E8F /* Exceptions for "Svauna" folder in "Svauna Watch App" target */,
			);
			path = Svauna;
			sourceTree = "<group>";
		};
		CB7E569C2DBDB8AC0048553A /* SvaunaTests */ = {
			isa = PBXFileSystemSynchronizedRootGroup;
			path = SvaunaTests;
			sourceTree = "<group>";
		};
		CB7E56A62DBDB8AC0048553A /* SvaunaUITests */ = {
			isa = PBXFileSystemSynchronizedRootGroup;
			path = SvaunaUITests;
			sourceTree = "<group>";
		};
		CB7E56B32DBDB8AD0048553A /* Svauna Watch App */ = {
			isa = PBXFileSystemSynchronizedRootGroup;
			exceptions = (
				CB0EFAC82DC0A00D00343150 /* Exceptions for "Svauna Watch App" folder in "Svauna" target */,
			);
			path = "Svauna Watch App";
			sourceTree = "<group>";
		};
		CB7E56C42DBDB8AF0048553A /* Svauna Watch AppTests */ = {
			isa = PBXFileSystemSynchronizedRootGroup;
			path = "Svauna Watch AppTests";
			sourceTree = "<group>";
		};
		CB7E56CE2DBDB8AF0048553A /* Svauna Watch AppUITests */ = {
			isa = PBXFileSystemSynchronizedRootGroup;
			path = "Svauna Watch AppUITests";
			sourceTree = "<group>";
		};
/* End PBXFileSystemSynchronizedRootGroup section */

/* Begin PBXFrameworksBuildPhase section */
		CB7E56862DBDB8AA0048553A /* Frameworks */ = {
			isa = PBXFrameworksBuildPhase;
			buildActionMask = 2147483647;
			files = (
			);
			runOnlyForDeploymentPostprocessing = 0;
		};
		CB7E56962DBDB8AC0048553A /* Frameworks */ = {
			isa = PBXFrameworksBuildPhase;
			buildActionMask = 2147483647;
			files = (
			);
			runOnlyForDeploymentPostprocessing = 0;
		};
		CB7E56A02DBDB8AC0048553A /* Frameworks */ = {
			isa = PBXFrameworksBuildPhase;
			buildActionMask = 2147483647;
			files = (
			);
			runOnlyForDeploymentPostprocessing = 0;
		};
		CB7E56AC2DBDB8AD0048553A /* Frameworks */ = {
			isa = PBXFrameworksBuildPhase;
			buildActionMask = 2147483647;
			files = (
			);
			runOnlyForDeploymentPostprocessing = 0;
		};
		CB7E56BE2DBDB8AF0048553A /* Frameworks */ = {
			isa = PBXFrameworksBuildPhase;
			buildActionMask = 2147483647;
			files = (
			);
			runOnlyForDeploymentPostprocessing = 0;
		};
		CB7E56C82DBDB8AF0048553A /* Frameworks */ = {
			isa = PBXFrameworksBuildPhase;
			buildActionMask = 2147483647;
			files = (
			);
			runOnlyForDeploymentPostprocessing = 0;
		};
/* End PBXFrameworksBuildPhase section */

/* Begin PBXGroup section */
		CB7E56802DBDB8A90048553A = {
			isa = PBXGroup;
			children = (
				CB7E571A2DBDBC880048553A /* README.md */,
				CB7E568B2DBDB8AA0048553A /* Svauna */,
				CB7E569C2DBDB8AC0048553A /* SvaunaTests */,
				CB7E56A62DBDB8AC0048553A /* SvaunaUITests */,
				CB7E56B32DBDB8AD0048553A /* Svauna Watch App */,
				CB7E56C42DBDB8AF0048553A /* Svauna Watch AppTests */,
				CB7E56CE2DBDB8AF0048553A /* Svauna Watch AppUITests */,
				CB7E568A2DBDB8AA0048553A /* Products */,
			);
			sourceTree = "<group>";
		};
		CB7E568A2DBDB8AA0048553A /* Products */ = {
			isa = PBXGroup;
			children = (
				CB7E56892DBDB8AA0048553A /* Svauna.app */,
				CB7E56992DBDB8AC0048553A /* SvaunaTests.xctest */,
				CB7E56A32DBDB8AC0048553A /* SvaunaUITests.xctest */,
				CB7E56AF2DBDB8AD0048553A /* Svauna Watch App.app */,
				CB7E56C12DBDB8AF0048553A /* Svauna Watch AppTests.xctest */,
				CB7E56CB2DBDB8AF0048553A /* Svauna Watch AppUITests.xctest */,
			);
			name = Products;
			sourceTree = "<group>";
		};
/* End PBXGroup section */

/* Begin PBXNativeTarget section */
		CB7E56882DBDB8AA0048553A /* Svauna */ = {
			isa = PBXNativeTarget;
			buildConfigurationList = CB7E56D92DBDB8AF0048553A /* Build configuration list for PBXNativeTarget "Svauna" */;
			buildPhases = (
				CB7E56852DBDB8AA0048553A /* Sources */,
				CB7E56862DBDB8AA0048553A /* Frameworks */,
				CB7E56872DBDB8AA0048553A /* Resources */,
				CB7E56D82DBDB8AF0048553A /* Embed Watch Content */,
			);
			buildRules = (
			);
			dependencies = (
				CB7E56B22DBDB8AD0048553A /* PBXTargetDependency */,
			);
			fileSystemSynchronizedGroups = (
				CB7E568B2DBDB8AA0048553A /* Svauna */,
			);
			name = Svauna;
			packageProductDependencies = (
			);
			productName = Svauna;
			productReference = CB7E56892DBDB8AA0048553A /* Svauna.app */;
			productType = "com.apple.product-type.application";
		};
		CB7E56982DBDB8AC0048553A /* SvaunaTests */ = {
			isa = PBXNativeTarget;
			buildConfigurationList = CB7E56DC2DBDB8AF0048553A /* Build configuration list for PBXNativeTarget "SvaunaTests" */;
			buildPhases = (
				CB7E56952DBDB8AC0048553A /* Sources */,
				CB7E56962DBDB8AC0048553A /* Frameworks */,
				CB7E56972DBDB8AC0048553A /* Resources */,
			);
			buildRules = (
			);
			dependencies = (
				CB7E569B2DBDB8AC0048553A /* PBXTargetDependency */,
			);
			fileSystemSynchronizedGroups = (
				CB7E569C2DBDB8AC0048553A /* SvaunaTests */,
			);
			name = SvaunaTests;
			packageProductDependencies = (
			);
			productName = SvaunaTests;
			productReference = CB7E56992DBDB8AC0048553A /* SvaunaTests.xctest */;
			productType = "com.apple.product-type.bundle.unit-test";
		};
		CB7E56A22DBDB8AC0048553A /* SvaunaUITests */ = {
			isa = PBXNativeTarget;
			buildConfigurationList = CB7E56DF2DBDB8AF0048553A /* Build configuration list for PBXNativeTarget "SvaunaUITests" */;
			buildPhases = (
				CB7E569F2DBDB8AC0048553A /* Sources */,
				CB7E56A02DBDB8AC0048553A /* Frameworks */,
				CB7E56A12DBDB8AC0048553A /* Resources */,
			);
			buildRules = (
			);
			dependencies = (
				CB7E56A52DBDB8AC0048553A /* PBXTargetDependency */,
			);
			fileSystemSynchronizedGroups = (
				CB7E56A62DBDB8AC0048553A /* SvaunaUITests */,
			);
			name = SvaunaUITests;
			packageProductDependencies = (
			);
			productName = SvaunaUITests;
			productReference = CB7E56A32DBDB8AC0048553A /* SvaunaUITests.xctest */;
			productType = "com.apple.product-type.bundle.ui-testing";
		};
		CB7E56AE2DBDB8AD0048553A /* Svauna Watch App */ = {
			isa = PBXNativeTarget;
			buildConfigurationList = CB7E56D52DBDB8AF0048553A /* Build configuration list for PBXNativeTarget "Svauna Watch App" */;
			buildPhases = (
				CB7E56AB2DBDB8AD0048553A /* Sources */,
				CB7E56AC2DBDB8AD0048553A /* Frameworks */,
				CB7E56AD2DBDB8AD0048553A /* Resources */,
			);
			buildRules = (
			);
			dependencies = (
			);
			fileSystemSynchronizedGroups = (
				CB7E56B32DBDB8AD0048553A /* Svauna Watch App */,
			);
			name = "Svauna Watch App";
			packageProductDependencies = (
			);
			productName = "Svauna Watch App";
			productReference = CB7E56AF2DBDB8AD0048553A /* Svauna Watch App.app */;
			productType = "com.apple.product-type.application";
		};
		CB7E56C02DBDB8AF0048553A /* Svauna Watch AppTests */ = {
			isa = PBXNativeTarget;
			buildConfigurationList = CB7E56E22DBDB8AF0048553A /* Build configuration list for PBXNativeTarget "Svauna Watch AppTests" */;
			buildPhases = (
				CB7E56BD2DBDB8AF0048553A /* Sources */,
				CB7E56BE2DBDB8AF0048553A /* Frameworks */,
				CB7E56BF2DBDB8AF0048553A /* Resources */,
			);
			buildRules = (
			);
			dependencies = (
				CB7E56C32DBDB8AF0048553A /* PBXTargetDependency */,
			);
			fileSystemSynchronizedGroups = (
				CB7E56C42DBDB8AF0048553A /* Svauna Watch AppTests */,
			);
			name = "Svauna Watch AppTests";
			packageProductDependencies = (
			);
			productName = "Svauna Watch AppTests";
			productReference = CB7E56C12DBDB8AF0048553A /* Svauna Watch AppTests.xctest */;
			productType = "com.apple.product-type.bundle.unit-test";
		};
		CB7E56CA2DBDB8AF0048553A /* Svauna Watch AppUITests */ = {
			isa = PBXNativeTarget;
			buildConfigurationList = CB7E56E52DBDB8AF0048553A /* Build configuration list for PBXNativeTarget "Svauna Watch AppUITests" */;
			buildPhases = (
				CB7E56C72DBDB8AF0048553A /* Sources */,
				CB7E56C82DBDB8AF0048553A /* Frameworks */,
				CB7E56C92DBDB8AF0048553A /* Resources */,
			);
			buildRules = (
			);
			dependencies = (
				CB7E56CD2DBDB8AF0048553A /* PBXTargetDependency */,
			);
			fileSystemSynchronizedGroups = (
				CB7E56CE2DBDB8AF0048553A /* Svauna Watch AppUITests */,
			);
			name = "Svauna Watch AppUITests";
			packageProductDependencies = (
			);
			productName = "Svauna Watch AppUITests";
			productReference = CB7E56CB2DBDB8AF0048553A /* Svauna Watch AppUITests.xctest */;
			productType = "com.apple.product-type.bundle.ui-testing";
		};
/* End PBXNativeTarget section */

/* Begin PBXProject section */
		CB7E56812DBDB8A90048553A /* Project object */ = {
			isa = PBXProject;
			attributes = {
				BuildIndependentTargetsInParallel = 1;
				LastSwiftUpdateCheck = 1600;
				LastUpgradeCheck = 1600;
				TargetAttributes = {
					CB7E56882DBDB8AA0048553A = {
						CreatedOnToolsVersion = 16.0;
					};
					CB7E56982DBDB8AC0048553A = {
						CreatedOnToolsVersion = 16.0;
						TestTargetID = CB7E56882DBDB8AA0048553A;
					};
					CB7E56A22DBDB8AC0048553A = {
						CreatedOnToolsVersion = 16.0;
						TestTargetID = CB7E56882DBDB8AA0048553A;
					};
					CB7E56AE2DBDB8AD0048553A = {
						CreatedOnToolsVersion = 16.0;
					};
					CB7E56C02DBDB8AF0048553A = {
						CreatedOnToolsVersion = 16.0;
						TestTargetID = CB7E56AE2DBDB8AD0048553A;
					};
					CB7E56CA2DBDB8AF0048553A = {
						CreatedOnToolsVersion = 16.0;
						TestTargetID = CB7E56AE2DBDB8AD0048553A;
					};
				};
			};
			buildConfigurationList = CB7E56842DBDB8A90048553A /* Build configuration list for PBXProject "Svauna" */;
			developmentRegion = en;
			hasScannedForEncodings = 0;
			knownRegions = (
				en,
				Base,
			);
			mainGroup = CB7E56802DBDB8A90048553A;
			minimizedProjectReferenceProxies = 1;
			preferredProjectObjectVersion = 77;
			productRefGroup = CB7E568A2DBDB8AA0048553A /* Products */;
			projectDirPath = "";
			projectRoot = "";
			targets = (
				CB7E56882DBDB8AA0048553A /* Svauna */,
				CB7E56982DBDB8AC0048553A /* SvaunaTests */,
				CB7E56A22DBDB8AC0048553A /* SvaunaUITests */,
				CB7E56AE2DBDB8AD0048553A /* Svauna Watch App */,
				CB7E56C02DBDB8AF0048553A /* Svauna Watch AppTests */,
				CB7E56CA2DBDB8AF0048553A /* Svauna Watch AppUITests */,
			);
		};
/* End PBXProject section */

/* Begin PBXResourcesBuildPhase section */
		CB7E56872DBDB8AA0048553A /* Resources */ = {
			isa = PBXResourcesBuildPhase;
			buildActionMask = 2147483647;
			files = (
				CB7E571B2DBDBC8D0048553A /* README.md in Resources */,
			);
			runOnlyForDeploymentPostprocessing = 0;
		};
		CB7E56972DBDB8AC0048553A /* Resources */ = {
			isa = PBXResourcesBuildPhase;
			buildActionMask = 2147483647;
			files = (
			);
			runOnlyForDeploymentPostprocessing = 0;
		};
		CB7E56A12DBDB8AC0048553A /* Resources */ = {
			isa = PBXResourcesBuildPhase;
			buildActionMask = 2147483647;
			files = (
			);
			runOnlyForDeploymentPostprocessing = 0;
		};
		CB7E56AD2DBDB8AD0048553A /* Resources */ = {
			isa = PBXResourcesBuildPhase;
			buildActionMask = 2147483647;
			files = (
			);
			runOnlyForDeploymentPostprocessing = 0;
		};
		CB7E56BF2DBDB8AF0048553A /* Resources */ = {
			isa = PBXResourcesBuildPhase;
			buildActionMask = 2147483647;
			files = (
			);
			runOnlyForDeploymentPostprocessing = 0;
		};
		CB7E56C92DBDB8AF0048553A /* Resources */ = {
			isa = PBXResourcesBuildPhase;
			buildActionMask = 2147483647;
			files = (
			);
			runOnlyForDeploymentPostprocessing = 0;
		};
/* End PBXResourcesBuildPhase section */

/* Begin PBXSourcesBuildPhase section */
		CB7E56852DBDB8AA0048553A /* Sources */ = {
			isa = PBXSourcesBuildPhase;
			buildActionMask = 2147483647;
			files = (
			);
			runOnlyForDeploymentPostprocessing = 0;
		};
		CB7E56952DBDB8AC0048553A /* Sources */ = {
			isa = PBXSourcesBuildPhase;
			buildActionMask = 2147483647;
			files = (
			);
			runOnlyForDeploymentPostprocessing = 0;
		};
		CB7E569F2DBDB8AC0048553A /* Sources */ = {
			isa = PBXSourcesBuildPhase;
			buildActionMask = 2147483647;
			files = (
			);
			runOnlyForDeploymentPostprocessing = 0;
		};
		CB7E56AB2DBDB8AD0048553A /* Sources */ = {
			isa = PBXSourcesBuildPhase;
			buildActionMask = 2147483647;
			files = (
			);
			runOnlyForDeploymentPostprocessing = 0;
		};
		CB7E56BD2DBDB8AF0048553A /* Sources */ = {
			isa = PBXSourcesBuildPhase;
			buildActionMask = 2147483647;
			files = (
			);
			runOnlyForDeploymentPostprocessing = 0;
		};
		CB7E56C72DBDB8AF0048553A /* Sources */ = {
			isa = PBXSourcesBuildPhase;
			buildActionMask = 2147483647;
			files = (
			);
			runOnlyForDeploymentPostprocessing = 0;
		};
/* End PBXSourcesBuildPhase section */

/* Begin PBXTargetDependency section */
		CB7E569B2DBDB8AC0048553A /* PBXTargetDependency */ = {
			isa = PBXTargetDependency;
			target = CB7E56882DBDB8AA0048553A /* Svauna */;
			targetProxy = CB7E569A2DBDB8AC0048553A /* PBXContainerItemProxy */;
		};
		CB7E56A52DBDB8AC0048553A /* PBXTargetDependency */ = {
			isa = PBXTargetDependency;
			target = CB7E56882DBDB8AA0048553A /* Svauna */;
			targetProxy = CB7E56A42DBDB8AC0048553A /* PBXContainerItemProxy */;
		};
		CB7E56B22DBDB8AD0048553A /* PBXTargetDependency */ = {
			isa = PBXTargetDependency;
			target = CB7E56AE2DBDB8AD0048553A /* Svauna Watch App */;
			targetProxy = CB7E56B12DBDB8AD0048553A /* PBXContainerItemProxy */;
		};
		CB7E56C32DBDB8AF0048553A /* PBXTargetDependency */ = {
			isa = PBXTargetDependency;
			target = CB7E56AE2DBDB8AD0048553A /* Svauna Watch App */;
			targetProxy = CB7E56C22DBDB8AF0048553A /* PBXContainerItemProxy */;
		};
		CB7E56CD2DBDB8AF0048553A /* PBXTargetDependency */ = {
			isa = PBXTargetDependency;
			target = CB7E56AE2DBDB8AD0048553A /* Svauna Watch App */;
			targetProxy = CB7E56CC2DBDB8AF0048553A /* PBXContainerItemProxy */;
		};
/* End PBXTargetDependency section */

/* Begin XCBuildConfiguration section */
		CB7E56D32DBDB8AF0048553A /* Debug */ = {
			isa = XCBuildConfiguration;
			buildSettings = {
				ALWAYS_SEARCH_USER_PATHS = NO;
				ASSETCATALOG_COMPILER_GENERATE_SWIFT_ASSET_SYMBOL_EXTENSIONS = YES;
				CLANG_ANALYZER_NONNULL = YES;
				CLANG_ANALYZER_NUMBER_OBJECT_CONVERSION = YES_AGGRESSIVE;
				CLANG_CXX_LANGUAGE_STANDARD = "gnu++20";
				CLANG_ENABLE_MODULES = YES;
				CLANG_ENABLE_OBJC_ARC = YES;
				CLANG_ENABLE_OBJC_WEAK = YES;
				CLANG_WARN_BLOCK_CAPTURE_AUTORELEASING = YES;
				CLANG_WARN_BOOL_CONVERSION = YES;
				CLANG_WARN_COMMA = YES;
				CLANG_WARN_CONSTANT_CONVERSION = YES;
				CLANG_WARN_DEPRECATED_OBJC_IMPLEMENTATIONS = YES;
				CLANG_WARN_DIRECT_OBJC_ISA_USAGE = YES_ERROR;
				CLANG_WARN_DOCUMENTATION_COMMENTS = YES;
				CLANG_WARN_EMPTY_BODY = YES;
				CLANG_WARN_ENUM_CONVERSION = YES;
				CLANG_WARN_INFINITE_RECURSION = YES;
				CLANG_WARN_INT_CONVERSION = YES;
				CLANG_WARN_NON_LITERAL_NULL_CONVERSION = YES;
				CLANG_WARN_OBJC_IMPLICIT_RETAIN_SELF = YES;
				CLANG_WARN_OBJC_LITERAL_CONVERSION = YES;
				CLANG_WARN_OBJC_ROOT_CLASS = YES_ERROR;
				CLANG_WARN_QUOTED_INCLUDE_IN_FRAMEWORK_HEADER = YES;
				CLANG_WARN_RANGE_LOOP_ANALYSIS = YES;
				CLANG_WARN_STRICT_PROTOTYPES = YES;
				CLANG_WARN_SUSPICIOUS_MOVE = YES;
				CLANG_WARN_UNGUARDED_AVAILABILITY = YES_AGGRESSIVE;
				CLANG_WARN_UNREACHABLE_CODE = YES;
				CLANG_WARN__DUPLICATE_METHOD_MATCH = YES;
				COPY_PHASE_STRIP = NO;
				DEBUG_INFORMATION_FORMAT = dwarf;
				ENABLE_STRICT_OBJC_MSGSEND = YES;
				ENABLE_TESTABILITY = YES;
				ENABLE_USER_SCRIPT_SANDBOXING = YES;
				GCC_C_LANGUAGE_STANDARD = gnu17;
				GCC_DYNAMIC_NO_PIC = NO;
				GCC_NO_COMMON_BLOCKS = YES;
				GCC_OPTIMIZATION_LEVEL = 0;
				GCC_PREPROCESSOR_DEFINITIONS = (
					"DEBUG=1",
					"$(inherited)",
				);
				GCC_WARN_64_TO_32_BIT_CONVERSION = YES;
				GCC_WARN_ABOUT_RETURN_TYPE = YES_ERROR;
				GCC_WARN_UNDECLARED_SELECTOR = YES;
				GCC_WARN_UNINITIALIZED_AUTOS = YES_AGGRESSIVE;
				GCC_WARN_UNUSED_FUNCTION = YES;
				GCC_WARN_UNUSED_VARIABLE = YES;
				LOCALIZATION_PREFERS_STRING_CATALOGS = YES;
				MTL_ENABLE_DEBUG_INFO = INCLUDE_SOURCE;
				MTL_FAST_MATH = YES;
				ONLY_ACTIVE_ARCH = YES;
				SWIFT_ACTIVE_COMPILATION_CONDITIONS = "DEBUG $(inherited)";
				SWIFT_OPTIMIZATION_LEVEL = "-Onone";
			};
			name = Debug;
		};
		CB7E56D42DBDB8AF0048553A /* Release */ = {
			isa = XCBuildConfiguration;
			buildSettings = {
				ALWAYS_SEARCH_USER_PATHS = NO;
				ASSETCATALOG_COMPILER_GENERATE_SWIFT_ASSET_SYMBOL_EXTENSIONS = YES;
				CLANG_ANALYZER_NONNULL = YES;
				CLANG_ANALYZER_NUMBER_OBJECT_CONVERSION = YES_AGGRESSIVE;
				CLANG_CXX_LANGUAGE_STANDARD = "gnu++20";
				CLANG_ENABLE_MODULES = YES;
				CLANG_ENABLE_OBJC_ARC = YES;
				CLANG_ENABLE_OBJC_WEAK = YES;
				CLANG_WARN_BLOCK_CAPTURE_AUTORELEASING = YES;
				CLANG_WARN_BOOL_CONVERSION = YES;
				CLANG_WARN_COMMA = YES;
				CLANG_WARN_CONSTANT_CONVERSION = YES;
				CLANG_WARN_DEPRECATED_OBJC_IMPLEMENTATIONS = YES;
				CLANG_WARN_DIRECT_OBJC_ISA_USAGE = YES_ERROR;
				CLANG_WARN_DOCUMENTATION_COMMENTS = YES;
				CLANG_WARN_EMPTY_BODY = YES;
				CLANG_WARN_ENUM_CONVERSION = YES;
				CLANG_WARN_INFINITE_RECURSION = YES;
				CLANG_WARN_INT_CONVERSION = YES;
				CLANG_WARN_NON_LITERAL_NULL_CONVERSION = YES;
				CLANG_WARN_OBJC_IMPLICIT_RETAIN_SELF = YES;
				CLANG_WARN_OBJC_LITERAL_CONVERSION = YES;
				CLANG_WARN_OBJC_ROOT_CLASS = YES_ERROR;
				CLANG_WARN_QUOTED_INCLUDE_IN_FRAMEWORK_HEADER = YES;
				CLANG_WARN_RANGE_LOOP_ANALYSIS = YES;
				CLANG_WARN_STRICT_PROTOTYPES = YES;
				CLANG_WARN_SUSPICIOUS_MOVE = YES;
				CLANG_WARN_UNGUARDED_AVAILABILITY = YES_AGGRESSIVE;
				CLANG_WARN_UNREACHABLE_CODE = YES;
				CLANG_WARN__DUPLICATE_METHOD_MATCH = YES;
				COPY_PHASE_STRIP = NO;
				DEBUG_INFORMATION_FORMAT = "dwarf-with-dsym";
				ENABLE_NS_ASSERTIONS = NO;
				ENABLE_STRICT_OBJC_MSGSEND = YES;
				ENABLE_USER_SCRIPT_SANDBOXING = YES;
				GCC_C_LANGUAGE_STANDARD = gnu17;
				GCC_NO_COMMON_BLOCKS = YES;
				GCC_WARN_64_TO_32_BIT_CONVERSION = YES;
				GCC_WARN_ABOUT_RETURN_TYPE = YES_ERROR;
				GCC_WARN_UNDECLARED_SELECTOR = YES;
				GCC_WARN_UNINITIALIZED_AUTOS = YES_AGGRESSIVE;
				GCC_WARN_UNUSED_FUNCTION = YES;
				GCC_WARN_UNUSED_VARIABLE = YES;
				LOCALIZATION_PREFERS_STRING_CATALOGS = YES;
				MTL_ENABLE_DEBUG_INFO = NO;
				MTL_FAST_MATH = YES;
				SWIFT_COMPILATION_MODE = wholemodule;
			};
			name = Release;
		};
		CB7E56D62DBDB8AF0048553A /* Debug */ = {
			isa = XCBuildConfiguration;
			buildSettings = {
				ASSETCATALOG_COMPILER_APPICON_NAME = AppIcon;
				ASSETCATALOG_COMPILER_GLOBAL_ACCENT_COLOR_NAME = AccentColor;
				CODE_SIGN_ENTITLEMENTS = "Svauna Watch App/Svauna Watch App.entitlements";
				CODE_SIGN_STYLE = Automatic;
				CURRENT_PROJECT_VERSION = 1;
				DEVELOPMENT_ASSET_PATHS = "\"Svauna Watch App/Preview Content\"";
				DEVELOPMENT_TEAM = Q33NRZQY26;
				ENABLE_PREVIEWS = YES;
				GENERATE_INFOPLIST_FILE = YES;
				INFOPLIST_FILE = "Svauna-Watch-App-Info.plist";
				INFOPLIST_KEY_CFBundleDisplayName = Svauna;
				INFOPLIST_KEY_NSHealthShareUsageDescription = "We use your health data to track sauna and cold plunge sessions and metrics.";
				INFOPLIST_KEY_NSHealthUpdateUsageDescription = "We update your HealthKit workouts for tracking your sauna and cold plunge sessions.";
				INFOPLIST_KEY_UISupportedInterfaceOrientations = "UIInterfaceOrientationPortrait UIInterfaceOrientationPortraitUpsideDown";
				INFOPLIST_KEY_WKCompanionAppBundleIdentifier = com.awesoontechnologies.Svauna;
				LD_RUNPATH_SEARCH_PATHS = (
					"$(inherited)",
					"@executable_path/Frameworks",
				);
				MARKETING_VERSION = 1.0;
				NEW_SETTING = "";
				PRODUCT_BUNDLE_IDENTIFIER = com.awesoontechnologies.Svauna.watchkitapp;
				PRODUCT_NAME = "$(TARGET_NAME)";
				SDKROOT = watchos;
				SKIP_INSTALL = YES;
				SWIFT_EMIT_LOC_STRINGS = YES;
				SWIFT_VERSION = 5.0;
				TARGETED_DEVICE_FAMILY = 4;
				WATCHOS_DEPLOYMENT_TARGET = 11.0;
			};
			name = Debug;
		};
		CB7E56D72DBDB8AF0048553A /* Release */ = {
			isa = XCBuildConfiguration;
			buildSettings = {
				ASSETCATALOG_COMPILER_APPICON_NAME = AppIcon;
				ASSETCATALOG_COMPILER_GLOBAL_ACCENT_COLOR_NAME = AccentColor;
				CODE_SIGN_ENTITLEMENTS = "Svauna Watch App/Svauna Watch App.entitlements";
				CODE_SIGN_STYLE = Automatic;
				CURRENT_PROJECT_VERSION = 1;
				DEVELOPMENT_ASSET_PATHS = "\"Svauna Watch App/Preview Content\"";
				DEVELOPMENT_TEAM = Q33NRZQY26;
				ENABLE_PREVIEWS = YES;
				GENERATE_INFOPLIST_FILE = YES;
				INFOPLIST_FILE = "Svauna-Watch-App-Info.plist";
				INFOPLIST_KEY_CFBundleDisplayName = Svauna;
				INFOPLIST_KEY_NSHealthShareUsageDescription = "We use your health data to track sauna and cold plunge sessions and metrics.";
				INFOPLIST_KEY_NSHealthUpdateUsageDescription = "We update your HealthKit workouts for tracking your sauna and cold plunge sessions.";
				INFOPLIST_KEY_UISupportedInterfaceOrientations = "UIInterfaceOrientationPortrait UIInterfaceOrientationPortraitUpsideDown";
				INFOPLIST_KEY_WKCompanionAppBundleIdentifier = com.awesoontechnologies.Svauna;
				LD_RUNPATH_SEARCH_PATHS = (
					"$(inherited)",
					"@executable_path/Frameworks",
				);
				MARKETING_VERSION = 1.0;
				NEW_SETTING = "";
				PRODUCT_BUNDLE_IDENTIFIER = com.awesoontechnologies.Svauna.watchkitapp;
				PRODUCT_NAME = "$(TARGET_NAME)";
				SDKROOT = watchos;
				SKIP_INSTALL = YES;
				SWIFT_EMIT_LOC_STRINGS = YES;
				SWIFT_VERSION = 5.0;
				TARGETED_DEVICE_FAMILY = 4;
				VALIDATE_PRODUCT = YES;
				WATCHOS_DEPLOYMENT_TARGET = 11.0;
			};
			name = Release;
		};
		CB7E56DA2DBDB8AF0048553A /* Debug */ = {
			isa = XCBuildConfiguration;
			buildSettings = {
				ASSETCATALOG_COMPILER_APPICON_NAME = AppIcon;
				ASSETCATALOG_COMPILER_GLOBAL_ACCENT_COLOR_NAME = AccentColor;
				CODE_SIGN_ENTITLEMENTS = Svauna/Svauna.entitlements;
				CODE_SIGN_STYLE = Automatic;
				CURRENT_PROJECT_VERSION = 1;
				DEVELOPMENT_ASSET_PATHS = "\"Svauna/Preview Content\"";
				DEVELOPMENT_TEAM = Q33NRZQY26;
				ENABLE_PREVIEWS = YES;
				GENERATE_INFOPLIST_FILE = YES;
				INFOPLIST_KEY_CFBundleDisplayName = Svauna;
				INFOPLIST_KEY_NSHealthShareUsageDescription = "This app records your workout and recovery data to and from your Health app, including heart rate and calories burned";
				INFOPLIST_KEY_NSHealthUpdateUsageDescription = "This app records your workout and recovery data to your Health app, including heart rate and calories burned";
				INFOPLIST_KEY_UIApplicationSceneManifest_Generation = YES;
				INFOPLIST_KEY_UIApplicationSupportsIndirectInputEvents = YES;
				INFOPLIST_KEY_UILaunchScreen_Generation = YES;
				INFOPLIST_KEY_UISupportedInterfaceOrientations_iPad = "UIInterfaceOrientationPortrait UIInterfaceOrientationPortraitUpsideDown UIInterfaceOrientationLandscapeLeft UIInterfaceOrientationLandscapeRight";
				INFOPLIST_KEY_UISupportedInterfaceOrientations_iPhone = "UIInterfaceOrientationPortrait UIInterfaceOrientationLandscapeLeft UIInterfaceOrientationLandscapeRight";
				IPHONEOS_DEPLOYMENT_TARGET = 18.0;
				LD_RUNPATH_SEARCH_PATHS = (
					"$(inherited)",
					"@executable_path/Frameworks",
				);
				MARKETING_VERSION = 1.0;
				PRODUCT_BUNDLE_IDENTIFIER = com.awesoontechnologies.Svauna;
				PRODUCT_NAME = "$(TARGET_NAME)";
				SDKROOT = iphoneos;
				SUPPORTED_PLATFORMS = "iphoneos iphonesimulator";
				SUPPORTS_MACCATALYST = NO;
				SUPPORTS_MAC_DESIGNED_FOR_IPHONE_IPAD = NO;
				SWIFT_EMIT_LOC_STRINGS = YES;
				SWIFT_VERSION = 5.0;
				TARGETED_DEVICE_FAMILY = 1;
			};
			name = Debug;
		};
		CB7E56DB2DBDB8AF0048553A /* Release */ = {
			isa = XCBuildConfiguration;
			buildSettings = {
				ASSETCATALOG_COMPILER_APPICON_NAME = AppIcon;
				ASSETCATALOG_COMPILER_GLOBAL_ACCENT_COLOR_NAME = AccentColor;
				CODE_SIGN_ENTITLEMENTS = Svauna/Svauna.entitlements;
				CODE_SIGN_STYLE = Automatic;
				CURRENT_PROJECT_VERSION = 1;
				DEVELOPMENT_ASSET_PATHS = "\"Svauna/Preview Content\"";
				DEVELOPMENT_TEAM = Q33NRZQY26;
				ENABLE_PREVIEWS = YES;
				GENERATE_INFOPLIST_FILE = YES;
				INFOPLIST_KEY_CFBundleDisplayName = Svauna;
				INFOPLIST_KEY_NSHealthShareUsageDescription = "This app records your workout and recovery data to and from your Health app, including heart rate and calories burned";
				INFOPLIST_KEY_NSHealthUpdateUsageDescription = "This app records your workout and recovery data to your Health app, including heart rate and calories burned";
				INFOPLIST_KEY_UIApplicationSceneManifest_Generation = YES;
				INFOPLIST_KEY_UIApplicationSupportsIndirectInputEvents = YES;
				INFOPLIST_KEY_UILaunchScreen_Generation = YES;
				INFOPLIST_KEY_UISupportedInterfaceOrientations_iPad = "UIInterfaceOrientationPortrait UIInterfaceOrientationPortraitUpsideDown UIInterfaceOrientationLandscapeLeft UIInterfaceOrientationLandscapeRight";
				INFOPLIST_KEY_UISupportedInterfaceOrientations_iPhone = "UIInterfaceOrientationPortrait UIInterfaceOrientationLandscapeLeft UIInterfaceOrientationLandscapeRight";
				IPHONEOS_DEPLOYMENT_TARGET = 18.0;
				LD_RUNPATH_SEARCH_PATHS = (
					"$(inherited)",
					"@executable_path/Frameworks",
				);
				MARKETING_VERSION = 1.0;
				PRODUCT_BUNDLE_IDENTIFIER = com.awesoontechnologies.Svauna;
				PRODUCT_NAME = "$(TARGET_NAME)";
				SDKROOT = iphoneos;
				SUPPORTED_PLATFORMS = "iphoneos iphonesimulator";
				SUPPORTS_MACCATALYST = NO;
				SUPPORTS_MAC_DESIGNED_FOR_IPHONE_IPAD = NO;
				SWIFT_EMIT_LOC_STRINGS = YES;
				SWIFT_VERSION = 5.0;
				TARGETED_DEVICE_FAMILY = 1;
				VALIDATE_PRODUCT = YES;
			};
			name = Release;
		};
		CB7E56DD2DBDB8AF0048553A /* Debug */ = {
			isa = XCBuildConfiguration;
			buildSettings = {
				BUNDLE_LOADER = "$(TEST_HOST)";
				CODE_SIGN_STYLE = Automatic;
				CURRENT_PROJECT_VERSION = 1;
				DEVELOPMENT_TEAM = Q33NRZQY26;
				GENERATE_INFOPLIST_FILE = YES;
				IPHONEOS_DEPLOYMENT_TARGET = 18.0;
				MARKETING_VERSION = 1.0;
				PRODUCT_BUNDLE_IDENTIFIER = com.awesoontechnologies.SvaunaTests;
				PRODUCT_NAME = "$(TARGET_NAME)";
				SDKROOT = iphoneos;
				SWIFT_EMIT_LOC_STRINGS = NO;
				SWIFT_VERSION = 5.0;
				TARGETED_DEVICE_FAMILY = "1,2";
				TEST_HOST = "$(BUILT_PRODUCTS_DIR)/Svauna.app/$(BUNDLE_EXECUTABLE_FOLDER_PATH)/Svauna";
			};
			name = Debug;
		};
		CB7E56DE2DBDB8AF0048553A /* Release */ = {
			isa = XCBuildConfiguration;
			buildSettings = {
				BUNDLE_LOADER = "$(TEST_HOST)";
				CODE_SIGN_STYLE = Automatic;
				CURRENT_PROJECT_VERSION = 1;
				DEVELOPMENT_TEAM = Q33NRZQY26;
				GENERATE_INFOPLIST_FILE = YES;
				IPHONEOS_DEPLOYMENT_TARGET = 18.0;
				MARKETING_VERSION = 1.0;
				PRODUCT_BUNDLE_IDENTIFIER = com.awesoontechnologies.SvaunaTests;
				PRODUCT_NAME = "$(TARGET_NAME)";
				SDKROOT = iphoneos;
				SWIFT_EMIT_LOC_STRINGS = NO;
				SWIFT_VERSION = 5.0;
				TARGETED_DEVICE_FAMILY = "1,2";
				TEST_HOST = "$(BUILT_PRODUCTS_DIR)/Svauna.app/$(BUNDLE_EXECUTABLE_FOLDER_PATH)/Svauna";
				VALIDATE_PRODUCT = YES;
			};
			name = Release;
		};
		CB7E56E02DBDB8AF0048553A /* Debug */ = {
			isa = XCBuildConfiguration;
			buildSettings = {
				CODE_SIGN_STYLE = Automatic;
				CURRENT_PROJECT_VERSION = 1;
				DEVELOPMENT_TEAM = Q33NRZQY26;
				GENERATE_INFOPLIST_FILE = YES;
				IPHONEOS_DEPLOYMENT_TARGET = 18.0;
				MARKETING_VERSION = 1.0;
				PRODUCT_BUNDLE_IDENTIFIER = com.awesoontechnologies.SvaunaUITests;
				PRODUCT_NAME = "$(TARGET_NAME)";
				SDKROOT = iphoneos;
				SWIFT_EMIT_LOC_STRINGS = NO;
				SWIFT_VERSION = 5.0;
				TARGETED_DEVICE_FAMILY = "1,2";
				TEST_TARGET_NAME = Svauna;
			};
			name = Debug;
		};
		CB7E56E12DBDB8AF0048553A /* Release */ = {
			isa = XCBuildConfiguration;
			buildSettings = {
				CODE_SIGN_STYLE = Automatic;
				CURRENT_PROJECT_VERSION = 1;
				DEVELOPMENT_TEAM = Q33NRZQY26;
				GENERATE_INFOPLIST_FILE = YES;
				IPHONEOS_DEPLOYMENT_TARGET = 18.0;
				MARKETING_VERSION = 1.0;
				PRODUCT_BUNDLE_IDENTIFIER = com.awesoontechnologies.SvaunaUITests;
				PRODUCT_NAME = "$(TARGET_NAME)";
				SDKROOT = iphoneos;
				SWIFT_EMIT_LOC_STRINGS = NO;
				SWIFT_VERSION = 5.0;
				TARGETED_DEVICE_FAMILY = "1,2";
				TEST_TARGET_NAME = Svauna;
				VALIDATE_PRODUCT = YES;
			};
			name = Release;
		};
		CB7E56E32DBDB8AF0048553A /* Debug */ = {
			isa = XCBuildConfiguration;
			buildSettings = {
				BUNDLE_LOADER = "$(TEST_HOST)";
				CODE_SIGN_STYLE = Automatic;
				CURRENT_PROJECT_VERSION = 1;
				DEVELOPMENT_TEAM = Q33NRZQY26;
				GENERATE_INFOPLIST_FILE = YES;
				MARKETING_VERSION = 1.0;
				PRODUCT_BUNDLE_IDENTIFIER = "com.awesoontechnologies.Svauna-Watch-AppTests";
				PRODUCT_NAME = "$(TARGET_NAME)";
				SDKROOT = watchos;
				SWIFT_EMIT_LOC_STRINGS = NO;
				SWIFT_VERSION = 5.0;
				TARGETED_DEVICE_FAMILY = 4;
				TEST_HOST = "$(BUILT_PRODUCTS_DIR)/Svauna Watch App.app/$(BUNDLE_EXECUTABLE_FOLDER_PATH)/Svauna Watch App";
				WATCHOS_DEPLOYMENT_TARGET = 11.0;
			};
			name = Debug;
		};
		CB7E56E42DBDB8AF0048553A /* Release */ = {
			isa = XCBuildConfiguration;
			buildSettings = {
				BUNDLE_LOADER = "$(TEST_HOST)";
				CODE_SIGN_STYLE = Automatic;
				CURRENT_PROJECT_VERSION = 1;
				DEVELOPMENT_TEAM = Q33NRZQY26;
				GENERATE_INFOPLIST_FILE = YES;
				MARKETING_VERSION = 1.0;
				PRODUCT_BUNDLE_IDENTIFIER = "com.awesoontechnologies.Svauna-Watch-AppTests";
				PRODUCT_NAME = "$(TARGET_NAME)";
				SDKROOT = watchos;
				SWIFT_EMIT_LOC_STRINGS = NO;
				SWIFT_VERSION = 5.0;
				TARGETED_DEVICE_FAMILY = 4;
				TEST_HOST = "$(BUILT_PRODUCTS_DIR)/Svauna Watch App.app/$(BUNDLE_EXECUTABLE_FOLDER_PATH)/Svauna Watch App";
				VALIDATE_PRODUCT = YES;
				WATCHOS_DEPLOYMENT_TARGET = 11.0;
			};
			name = Release;
		};
		CB7E56E62DBDB8AF0048553A /* Debug */ = {
			isa = XCBuildConfiguration;
			buildSettings = {
				CODE_SIGN_STYLE = Automatic;
				CURRENT_PROJECT_VERSION = 1;
				DEVELOPMENT_TEAM = Q33NRZQY26;
				GENERATE_INFOPLIST_FILE = YES;
				MARKETING_VERSION = 1.0;
				PRODUCT_BUNDLE_IDENTIFIER = "com.awesoontechnologies.Svauna-Watch-AppUITests";
				PRODUCT_NAME = "$(TARGET_NAME)";
				SDKROOT = watchos;
				SWIFT_EMIT_LOC_STRINGS = NO;
				SWIFT_VERSION = 5.0;
				TARGETED_DEVICE_FAMILY = 4;
				TEST_TARGET_NAME = "Svauna Watch App";
				WATCHOS_DEPLOYMENT_TARGET = 11.0;
			};
			name = Debug;
		};
		CB7E56E72DBDB8AF0048553A /* Release */ = {
			isa = XCBuildConfiguration;
			buildSettings = {
				CODE_SIGN_STYLE = Automatic;
				CURRENT_PROJECT_VERSION = 1;
				DEVELOPMENT_TEAM = Q33NRZQY26;
				GENERATE_INFOPLIST_FILE = YES;
				MARKETING_VERSION = 1.0;
				PRODUCT_BUNDLE_IDENTIFIER = "com.awesoontechnologies.Svauna-Watch-AppUITests";
				PRODUCT_NAME = "$(TARGET_NAME)";
				SDKROOT = watchos;
				SWIFT_EMIT_LOC_STRINGS = NO;
				SWIFT_VERSION = 5.0;
				TARGETED_DEVICE_FAMILY = 4;
				TEST_TARGET_NAME = "Svauna Watch App";
				VALIDATE_PRODUCT = YES;
				WATCHOS_DEPLOYMENT_TARGET = 11.0;
			};
			name = Release;
		};
/* End XCBuildConfiguration section */

/* Begin XCConfigurationList section */
		CB7E56842DBDB8A90048553A /* Build configuration list for PBXProject "Svauna" */ = {
			isa = XCConfigurationList;
			buildConfigurations = (
				CB7E56D32DBDB8AF0048553A /* Debug */,
				CB7E56D42DBDB8AF0048553A /* Release */,
			);
			defaultConfigurationIsVisible = 0;
			defaultConfigurationName = Release;
		};
		CB7E56D52DBDB8AF0048553A /* Build configuration list for PBXNativeTarget "Svauna Watch App" */ = {
			isa = XCConfigurationList;
			buildConfigurations = (
				CB7E56D62DBDB8AF0048553A /* Debug */,
				CB7E56D72DBDB8AF0048553A /* Release */,
			);
			defaultConfigurationIsVisible = 0;
			defaultConfigurationName = Release;
		};
		CB7E56D92DBDB8AF0048553A /* Build configuration list for PBXNativeTarget "Svauna" */ = {
			isa = XCConfigurationList;
			buildConfigurations = (
				CB7E56DA2DBDB8AF0048553A /* Debug */,
				CB7E56DB2DBDB8AF0048553A /* Release */,
			);
			defaultConfigurationIsVisible = 0;
			defaultConfigurationName = Release;
		};
		CB7E56DC2DBDB8AF0048553A /* Build configuration list for PBXNativeTarget "SvaunaTests" */ = {
			isa = XCConfigurationList;
			buildConfigurations = (
				CB7E56DD2DBDB8AF0048553A /* Debug */,
				CB7E56DE2DBDB8AF0048553A /* Release */,
			);
			defaultConfigurationIsVisible = 0;
			defaultConfigurationName = Release;
		};
		CB7E56DF2DBDB8AF0048553A /* Build configuration list for PBXNativeTarget "SvaunaUITests" */ = {
			isa = XCConfigurationList;
			buildConfigurations = (
				CB7E56E02DBDB8AF0048553A /* Debug */,
				CB7E56E12DBDB8AF0048553A /* Release */,
			);
			defaultConfigurationIsVisible = 0;
			defaultConfigurationName = Release;
		};
		CB7E56E22DBDB8AF0048553A /* Build configuration list for PBXNativeTarget "Svauna Watch AppTests" */ = {
			isa = XCConfigurationList;
			buildConfigurations = (
				CB7E56E32DBDB8AF0048553A /* Debug */,
				CB7E56E42DBDB8AF0048553A /* Release */,
			);
			defaultConfigurationIsVisible = 0;
			defaultConfigurationName = Release;
		};
		CB7E56E52DBDB8AF0048553A /* Build configuration list for PBXNativeTarget "Svauna Watch AppUITests" */ = {
			isa = XCConfigurationList;
			buildConfigurations = (
				CB7E56E62DBDB8AF0048553A /* Debug */,
				CB7E56E72DBDB8AF0048553A /* Release */,
			);
			defaultConfigurationIsVisible = 0;
			defaultConfigurationName = Release;
		};
/* End XCConfigurationList section */
	};
	rootObject = CB7E56812DBDB8A90048553A /* Project object */;
}
